
Microsoft Visual Studio Solution File, Format Version 12.00
# Visual Studio Version 17
VisualStudioVersion = 17.7.34221.43
MinimumVisualStudioVersion = 10.0.40219.1
Project("{8BC9CEB8-8B4A-11D0-8D11-00A0C91BC942}") = "CI411_Week5_REAL", "CI411_Week5_REAL.vcxproj", "{67EF357A-B49E-4807-A7E8-82F0B2564343}"
EndProject
Global
	GlobalSection(SolutionConfigurationPlatforms) = preSolution
		Debug|x64 = Debug|x64
		Debug|x86 = Debug|x86
		Release|x64 = Release|x64
		Release|x86 = Release|x86
	EndGlobalSection
	GlobalSection(ProjectConfigurationPlatforms) = postSolution
		{67EF357A-B49E-4807-A7E8-82F0B2564343}.Debug|x64.ActiveCfg = Debug|x64
		{67EF357A-B49E-4807-A7E8-82F0B2564343}.Debug|x64.Build.0 = Debug|x64
		{67EF357A-B49E-4807-A7E8-82F0B2564343}.Debug|x86.ActiveCfg = Debug|Win32
		{67EF357A-B49E-4807-A7E8-82F0B2564343}.Debug|x86.Build.0 = Debug|Win32
		{67EF357A-B49E-4807-A7E8-82F0B2564343}.Release|x64.ActiveCfg = Release|x64
		{67EF357A-B49E-4807-A7E8-82F0B2564343}.Release|x64.Build.0 = Release|x64
		{67EF357A-B49E-4807-A7E8-82F0B2564343}.Release|x86.ActiveCfg = Release|Win32
		{67EF357A-B49E-4807-A7E8-82F0B2564343}.Release|x86.Build.0 = Release|Win32
	EndGlobalSection
	GlobalSection(SolutionProperties) = preSolution
		HideSolutionNode = FALSE
	EndGlobalSection
	GlobalSection(ExtensibilityGlobals) = postSolution
		SolutionGuid = {C7AE91F7-9938-4D8D-BF72-4A62FB7FC703}
	EndGlobalSection
EndGlobal
